// !$*UTF8*$!
{
	archiveVersion = 1;
	classes = {
	};
	objectVersion = 46;
	objects = {

/* Begin PBXBuildFile section */
		003B7CA915D78153002F9A95 /* Default@2x.png in Resources */ = {isa = PBXBuildFile; fileRef = 003B7CA815D78153002F9A95 /* Default@2x.png */; };
		003B7CAB15D78155002F9A95 /* Default.png in Resources */ = {isa = PBXBuildFile; fileRef = 003B7CAA15D78155002F9A95 /* Default.png */; };
		003B7CAD15D78158002F9A95 /* icon-52.png in Resources */ = {isa = PBXBuildFile; fileRef = 003B7CAC15D78158002F9A95 /* icon-52.png */; };
		003B7CAF15D7815B002F9A95 /* icon-114.png in Resources */ = {isa = PBXBuildFile; fileRef = 003B7CAE15D7815B002F9A95 /* icon-114.png */; };
		0053C6C115D76A36000F36FA /* libTestFlight.a in Frameworks */ = {isa = PBXBuildFile; fileRef = 0053C6BD15D76A36000F36FA /* libTestFlight.a */; };
		0053C6C215D76A36000F36FA /* README.txt in Resources */ = {isa = PBXBuildFile; fileRef = 0053C6BE15D76A36000F36FA /* README.txt */; };
		0053C6C315D76A36000F36FA /* release_notes.txt in Resources */ = {isa = PBXBuildFile; fileRef = 0053C6BF15D76A36000F36FA /* release_notes.txt */; };
		0053C6C615D76A56000F36FA /* libz.dylib in Frameworks */ = {isa = PBXBuildFile; fileRef = 0053C6C515D76A56000F36FA /* libz.dylib */; };
		00B4740F15D38E3C00F767CE /* UIKit.framework in Frameworks */ = {isa = PBXBuildFile; fileRef = 00B4740E15D38E3C00F767CE /* UIKit.framework */; };
		00B4741115D38E3C00F767CE /* Foundation.framework in Frameworks */ = {isa = PBXBuildFile; fileRef = 00B4741015D38E3C00F767CE /* Foundation.framework */; };
		00B4741315D38E3C00F767CE /* CoreGraphics.framework in Frameworks */ = {isa = PBXBuildFile; fileRef = 00B4741215D38E3C00F767CE /* CoreGraphics.framework */; };
		00B4741915D38E3C00F767CE /* InfoPlist.strings in Resources */ = {isa = PBXBuildFile; fileRef = 00B4741715D38E3C00F767CE /* InfoPlist.strings */; };
		00B4741B15D38E3C00F767CE /* main.m in Sources */ = {isa = PBXBuildFile; fileRef = 00B4741A15D38E3C00F767CE /* main.m */; };
		00B4741F15D38E3C00F767CE /* ANAppDelegate.m in Sources */ = {isa = PBXBuildFile; fileRef = 00B4741E15D38E3C00F767CE /* ANAppDelegate.m */; };
		00ECA12215D7415500178F8A /* ANUserStreamController.m in Sources */ = {isa = PBXBuildFile; fileRef = 00ECA11D15D7409200178F8A /* ANUserStreamController.m */; };
		00ECA12315D7415500178F8A /* ANUserPostsController.m in Sources */ = {isa = PBXBuildFile; fileRef = 00ECA11C15D7409200178F8A /* ANUserPostsController.m */; };
		00ECA12415D7415500178F8A /* ANUserMentionsController.m in Sources */ = {isa = PBXBuildFile; fileRef = 00ECA11B15D7409200178F8A /* ANUserMentionsController.m */; };
		922F80C915D58F6C0049F194 /* ANAPICall.m in Sources */ = {isa = PBXBuildFile; fileRef = 922F80C815D58F6C0049F194 /* ANAPICall.m */; };
		922F80CD15D590400049F194 /* AuthViewController.m in Sources */ = {isa = PBXBuildFile; fileRef = 922F80CC15D590400049F194 /* AuthViewController.m */; };
		922F80CF15D595510049F194 /* AuthViewController.xib in Resources */ = {isa = PBXBuildFile; fileRef = 922F80CE15D595510049F194 /* AuthViewController.xib */; };
		922F80D415D5A0890049F194 /* ANPostStatusViewController.m in Sources */ = {isa = PBXBuildFile; fileRef = 922F80D215D5A0890049F194 /* ANPostStatusViewController.m */; };
		922F80D515D5A0890049F194 /* ANPostStatusViewController.xib in Resources */ = {isa = PBXBuildFile; fileRef = 922F80D315D5A0890049F194 /* ANPostStatusViewController.xib */; };
		9253EBD515D624F90047C153 /* ANStatusViewCell.m in Sources */ = {isa = PBXBuildFile; fileRef = 9253EBD415D624F90047C153 /* ANStatusViewCell.m */; };
		CACA6BD015D7842F00AE5D40 /* ANUserViewController.m in Sources */ = {isa = PBXBuildFile; fileRef = CACA6BCE15D7842F00AE5D40 /* ANUserViewController.m */; };
		CACA6BD115D7842F00AE5D40 /* ANUserViewController.xib in Resources */ = {isa = PBXBuildFile; fileRef = CACA6BCF15D7842F00AE5D40 /* ANUserViewController.xib */; };
		CACA6BD415D7978F00AE5D40 /* QuartzCore.framework in Frameworks */ = {isa = PBXBuildFile; fileRef = CACA6BD315D7978F00AE5D40 /* QuartzCore.framework */; };
		CACA6BDB15D8152E00AE5D40 /* UILabel+SDExtensions.m in Sources */ = {isa = PBXBuildFile; fileRef = CACA6BDA15D8152E00AE5D40 /* UILabel+SDExtensions.m */; };
		CACA6BDE15D8244A00AE5D40 /* CoreImage.framework in Frameworks */ = {isa = PBXBuildFile; fileRef = CACA6BDD15D8244A00AE5D40 /* CoreImage.framework */; };
		CACA6BE115D841EE00AE5D40 /* UIAlertView+SDExtensions.m in Sources */ = {isa = PBXBuildFile; fileRef = CACA6BE015D841EE00AE5D40 /* UIAlertView+SDExtensions.m */; };
		CAD8D8AB15D6E59F007FC765 /* ANAPI.plist in Resources */ = {isa = PBXBuildFile; fileRef = CAD8D8AA15D6E59F007FC765 /* ANAPI.plist */; };
		CAD8D8C915D6E9F2007FC765 /* SystemConfiguration.framework in Frameworks */ = {isa = PBXBuildFile; fileRef = CAD8D8C815D6E9F2007FC765 /* SystemConfiguration.framework */; };
		CAD8D8CB15D6EA05007FC765 /* Security.framework in Frameworks */ = {isa = PBXBuildFile; fileRef = CAD8D8CA15D6EA05007FC765 /* Security.framework */; };
		CAD8D90715D706E7007FC765 /* NSArray+SDExtensions.m in Sources */ = {isa = PBXBuildFile; fileRef = CAD8D8E415D706E7007FC765 /* NSArray+SDExtensions.m */; };
		CAD8D90815D706E7007FC765 /* NSDate+SDExtensions.m in Sources */ = {isa = PBXBuildFile; fileRef = CAD8D8E615D706E7007FC765 /* NSDate+SDExtensions.m */; };
		CAD8D90915D706E7007FC765 /* NSDictionary+SDExtensions.m in Sources */ = {isa = PBXBuildFile; fileRef = CAD8D8E815D706E7007FC765 /* NSDictionary+SDExtensions.m */; };
		CAD8D90A15D706E7007FC765 /* NSString+SDExtensions.m in Sources */ = {isa = PBXBuildFile; fileRef = CAD8D8EA15D706E7007FC765 /* NSString+SDExtensions.m */; };
		CAD8D90B15D706E7007FC765 /* NSUserDefaults+SDExtensions.m in Sources */ = {isa = PBXBuildFile; fileRef = CAD8D8EC15D706E7007FC765 /* NSUserDefaults+SDExtensions.m */; };
		CAD8D90C15D706E7007FC765 /* SDTimer.m in Sources */ = {isa = PBXBuildFile; fileRef = CAD8D8EE15D706E7007FC765 /* SDTimer.m */; };
		CAD8D90D15D706E7007FC765 /* SDKeychain.m in Sources */ = {isa = PBXBuildFile; fileRef = CAD8D8F315D706E7007FC765 /* SDKeychain.m */; };
		CAD8D90E15D706E7007FC765 /* NSObject+SDExtensions.m in Sources */ = {isa = PBXBuildFile; fileRef = CAD8D8F615D706E7007FC765 /* NSObject+SDExtensions.m */; };
		CAD8D90F15D706E7007FC765 /* SDImageView.m in Sources */ = {isa = PBXBuildFile; fileRef = CAD8D8F815D706E7007FC765 /* SDImageView.m */; };
		CAD8D91015D706E7007FC765 /* NSCachedURLResponse+LeakFix.m in Sources */ = {isa = PBXBuildFile; fileRef = CAD8D8FB15D706E7007FC765 /* NSCachedURLResponse+LeakFix.m */; };
		CAD8D91115D706E7007FC765 /* NSURLCache+SDExtensions.m in Sources */ = {isa = PBXBuildFile; fileRef = CAD8D8FD15D706E7007FC765 /* NSURLCache+SDExtensions.m */; };
		CAD8D91215D706E7007FC765 /* Reachability.m in Sources */ = {isa = PBXBuildFile; fileRef = CAD8D8FF15D706E7007FC765 /* Reachability.m */; };
		CAD8D91315D706E7007FC765 /* SDURLConnection.m in Sources */ = {isa = PBXBuildFile; fileRef = CAD8D90115D706E7007FC765 /* SDURLConnection.m */; };
		CAD8D91415D706E7007FC765 /* SDWebService.m in Sources */ = {isa = PBXBuildFile; fileRef = CAD8D90315D706E7007FC765 /* SDWebService.m */; };
		CAD8D91515D706E7007FC765 /* STableViewController.m in Sources */ = {isa = PBXBuildFile; fileRef = CAD8D90615D706E7007FC765 /* STableViewController.m */; };
		CAD8D95815D71063007FC765 /* ANBaseStreamController.m in Sources */ = {isa = PBXBuildFile; fileRef = CAD8D95615D71063007FC765 /* ANBaseStreamController.m */; };
		CAD8D96015D71450007FC765 /* ANStreamFooterView.m in Sources */ = {isa = PBXBuildFile; fileRef = CAD8D95B15D7144F007FC765 /* ANStreamFooterView.m */; };
		CAD8D96115D71450007FC765 /* ANStreamFooterView.xib in Resources */ = {isa = PBXBuildFile; fileRef = CAD8D95C15D7144F007FC765 /* ANStreamFooterView.xib */; };
		CAD8D96215D71450007FC765 /* ANStreamHeaderView.m in Sources */ = {isa = PBXBuildFile; fileRef = CAD8D95E15D7144F007FC765 /* ANStreamHeaderView.m */; };
		CAD8D96315D71450007FC765 /* ANStreamHeaderView.xib in Resources */ = {isa = PBXBuildFile; fileRef = CAD8D95F15D7144F007FC765 /* ANStreamHeaderView.xib */; };
		CAD8D96515D71763007FC765 /* ANBaseStreamController.xib in Resources */ = {isa = PBXBuildFile; fileRef = CAD8D96415D71762007FC765 /* ANBaseStreamController.xib */; };
		CAD8D96915D71DB2007FC765 /* ANGlobalStreamController.m in Sources */ = {isa = PBXBuildFile; fileRef = CAD8D96815D71DB2007FC765 /* ANGlobalStreamController.m */; };
		CAD8D98A15D7579F007FC765 /* SVProgressHUD.bundle in Resources */ = {isa = PBXBuildFile; fileRef = CAD8D98715D7579F007FC765 /* SVProgressHUD.bundle */; };
		CAD8D98B15D7579F007FC765 /* SVProgressHUD.m in Sources */ = {isa = PBXBuildFile; fileRef = CAD8D98915D7579F007FC765 /* SVProgressHUD.m */; };
		CAD8D99F15D7709C007FC765 /* back-arrow.png in Resources */ = {isa = PBXBuildFile; fileRef = CAD8D99615D7709C007FC765 /* back-arrow.png */; };
		CAD8D9A015D7709C007FC765 /* back-arrow@2x.png in Resources */ = {isa = PBXBuildFile; fileRef = CAD8D99715D7709C007FC765 /* back-arrow@2x.png */; };
		CAD8D9A115D7709C007FC765 /* menu-icon.png in Resources */ = {isa = PBXBuildFile; fileRef = CAD8D99815D7709C007FC765 /* menu-icon.png */; };
		CAD8D9A215D7709C007FC765 /* menu-icon@2x.png in Resources */ = {isa = PBXBuildFile; fileRef = CAD8D99915D7709C007FC765 /* menu-icon@2x.png */; };
		CAD8D9A315D7709C007FC765 /* MFSideMenuManager.m in Sources */ = {isa = PBXBuildFile; fileRef = CAD8D99C15D7709C007FC765 /* MFSideMenuManager.m */; };
		CAD8D9A415D7709C007FC765 /* UIViewController+MFSideMenu.m in Sources */ = {isa = PBXBuildFile; fileRef = CAD8D99E15D7709C007FC765 /* UIViewController+MFSideMenu.m */; };
		CAD8D9A815D77113007FC765 /* ANSideMenuController.m in Sources */ = {isa = PBXBuildFile; fileRef = CAD8D9A715D77113007FC765 /* ANSideMenuController.m */; };
/* End PBXBuildFile section */

/* Begin PBXFileReference section */
		003B7CA815D78153002F9A95 /* Default@2x.png */ = {isa = PBXFileReference; lastKnownFileType = image.png; path = "Default@2x.png"; sourceTree = "<group>"; };
		003B7CAA15D78155002F9A95 /* Default.png */ = {isa = PBXFileReference; lastKnownFileType = image.png; path = Default.png; sourceTree = "<group>"; };
		003B7CAC15D78158002F9A95 /* icon-52.png */ = {isa = PBXFileReference; lastKnownFileType = image.png; path = "icon-52.png"; sourceTree = "<group>"; };
		003B7CAE15D7815B002F9A95 /* icon-114.png */ = {isa = PBXFileReference; lastKnownFileType = image.png; path = "icon-114.png"; sourceTree = "<group>"; };
		0053C6BD15D76A36000F36FA /* libTestFlight.a */ = {isa = PBXFileReference; lastKnownFileType = archive.ar; name = libTestFlight.a; path = Externals/TestFlightSDK1.0/libTestFlight.a; sourceTree = "<group>"; };
		0053C6BE15D76A36000F36FA /* README.txt */ = {isa = PBXFileReference; fileEncoding = 4; lastKnownFileType = text; path = README.txt; sourceTree = "<group>"; };
		0053C6BF15D76A36000F36FA /* release_notes.txt */ = {isa = PBXFileReference; fileEncoding = 4; lastKnownFileType = text; path = release_notes.txt; sourceTree = "<group>"; };
		0053C6C015D76A36000F36FA /* TestFlight.h */ = {isa = PBXFileReference; fileEncoding = 4; lastKnownFileType = sourcecode.c.h; path = TestFlight.h; sourceTree = "<group>"; };
		0053C6C515D76A56000F36FA /* libz.dylib */ = {isa = PBXFileReference; lastKnownFileType = "compiled.mach-o.dylib"; name = libz.dylib; path = usr/lib/libz.dylib; sourceTree = SDKROOT; };
		00B4740A15D38E3C00F767CE /* AppApp.app */ = {isa = PBXFileReference; explicitFileType = wrapper.application; includeInIndex = 0; path = AppApp.app; sourceTree = BUILT_PRODUCTS_DIR; };
		00B4740E15D38E3C00F767CE /* UIKit.framework */ = {isa = PBXFileReference; lastKnownFileType = wrapper.framework; name = UIKit.framework; path = System/Library/Frameworks/UIKit.framework; sourceTree = SDKROOT; };
		00B4741015D38E3C00F767CE /* Foundation.framework */ = {isa = PBXFileReference; lastKnownFileType = wrapper.framework; name = Foundation.framework; path = System/Library/Frameworks/Foundation.framework; sourceTree = SDKROOT; };
		00B4741215D38E3C00F767CE /* CoreGraphics.framework */ = {isa = PBXFileReference; lastKnownFileType = wrapper.framework; name = CoreGraphics.framework; path = System/Library/Frameworks/CoreGraphics.framework; sourceTree = SDKROOT; };
		00B4741615D38E3C00F767CE /* AppApp-Info.plist */ = {isa = PBXFileReference; lastKnownFileType = text.plist.xml; path = "AppApp-Info.plist"; sourceTree = "<group>"; };
		00B4741815D38E3C00F767CE /* en */ = {isa = PBXFileReference; lastKnownFileType = text.plist.strings; name = en; path = en.lproj/InfoPlist.strings; sourceTree = "<group>"; };
		00B4741A15D38E3C00F767CE /* main.m */ = {isa = PBXFileReference; lastKnownFileType = sourcecode.c.objc; path = main.m; sourceTree = "<group>"; };
		00B4741C15D38E3C00F767CE /* AppApp-Prefix.pch */ = {isa = PBXFileReference; lastKnownFileType = sourcecode.c.h; path = "AppApp-Prefix.pch"; sourceTree = "<group>"; };
		00B4741D15D38E3C00F767CE /* ANAppDelegate.h */ = {isa = PBXFileReference; lastKnownFileType = sourcecode.c.h; path = ANAppDelegate.h; sourceTree = "<group>"; };
		00B4741E15D38E3C00F767CE /* ANAppDelegate.m */ = {isa = PBXFileReference; lastKnownFileType = sourcecode.c.objc; path = ANAppDelegate.m; sourceTree = "<group>"; };
		00ECA11B15D7409200178F8A /* ANUserMentionsController.m */ = {isa = PBXFileReference; lastKnownFileType = sourcecode.c.objc; path = ANUserMentionsController.m; sourceTree = "<group>"; };
		00ECA11C15D7409200178F8A /* ANUserPostsController.m */ = {isa = PBXFileReference; lastKnownFileType = sourcecode.c.objc; path = ANUserPostsController.m; sourceTree = "<group>"; };
		00ECA11D15D7409200178F8A /* ANUserStreamController.m */ = {isa = PBXFileReference; lastKnownFileType = sourcecode.c.objc; path = ANUserStreamController.m; sourceTree = "<group>"; };
		00ECA11E15D7409200178F8A /* ANUserMentionsController.h */ = {isa = PBXFileReference; lastKnownFileType = sourcecode.c.h; path = ANUserMentionsController.h; sourceTree = "<group>"; };
		00ECA11F15D7409200178F8A /* ANUserPostsController.h */ = {isa = PBXFileReference; lastKnownFileType = sourcecode.c.h; path = ANUserPostsController.h; sourceTree = "<group>"; };
		00ECA12015D7409200178F8A /* ANUserStreamController.h */ = {isa = PBXFileReference; lastKnownFileType = sourcecode.c.h; path = ANUserStreamController.h; sourceTree = "<group>"; };
		922F80C715D58F6C0049F194 /* ANAPICall.h */ = {isa = PBXFileReference; fileEncoding = 4; lastKnownFileType = sourcecode.c.h; path = ANAPICall.h; sourceTree = "<group>"; };
		922F80C815D58F6C0049F194 /* ANAPICall.m */ = {isa = PBXFileReference; fileEncoding = 4; lastKnownFileType = sourcecode.c.objc; path = ANAPICall.m; sourceTree = "<group>"; };
		922F80CB15D590400049F194 /* AuthViewController.h */ = {isa = PBXFileReference; fileEncoding = 4; lastKnownFileType = sourcecode.c.h; path = AuthViewController.h; sourceTree = "<group>"; };
		922F80CC15D590400049F194 /* AuthViewController.m */ = {isa = PBXFileReference; fileEncoding = 4; lastKnownFileType = sourcecode.c.objc; path = AuthViewController.m; sourceTree = "<group>"; };
		922F80CE15D595510049F194 /* AuthViewController.xib */ = {isa = PBXFileReference; fileEncoding = 4; lastKnownFileType = file.xib; path = AuthViewController.xib; sourceTree = "<group>"; };
		922F80D115D5A0890049F194 /* ANPostStatusViewController.h */ = {isa = PBXFileReference; fileEncoding = 4; lastKnownFileType = sourcecode.c.h; path = ANPostStatusViewController.h; sourceTree = "<group>"; };
		922F80D215D5A0890049F194 /* ANPostStatusViewController.m */ = {isa = PBXFileReference; fileEncoding = 4; lastKnownFileType = sourcecode.c.objc; path = ANPostStatusViewController.m; sourceTree = "<group>"; };
		922F80D315D5A0890049F194 /* ANPostStatusViewController.xib */ = {isa = PBXFileReference; fileEncoding = 4; lastKnownFileType = file.xib; path = ANPostStatusViewController.xib; sourceTree = "<group>"; };
		9253EBD315D624F90047C153 /* ANStatusViewCell.h */ = {isa = PBXFileReference; fileEncoding = 4; lastKnownFileType = sourcecode.c.h; path = ANStatusViewCell.h; sourceTree = "<group>"; };
		9253EBD415D624F90047C153 /* ANStatusViewCell.m */ = {isa = PBXFileReference; fileEncoding = 4; lastKnownFileType = sourcecode.c.objc; path = ANStatusViewCell.m; sourceTree = "<group>"; };
		CACA6BCD15D7842F00AE5D40 /* ANUserViewController.h */ = {isa = PBXFileReference; fileEncoding = 4; lastKnownFileType = sourcecode.c.h; path = ANUserViewController.h; sourceTree = "<group>"; };
		CACA6BCE15D7842F00AE5D40 /* ANUserViewController.m */ = {isa = PBXFileReference; fileEncoding = 4; lastKnownFileType = sourcecode.c.objc; path = ANUserViewController.m; sourceTree = "<group>"; };
		CACA6BCF15D7842F00AE5D40 /* ANUserViewController.xib */ = {isa = PBXFileReference; fileEncoding = 4; lastKnownFileType = file.xib; path = ANUserViewController.xib; sourceTree = "<group>"; };
		CACA6BD215D788F400AE5D40 /* ANViewControllerProtocol.h */ = {isa = PBXFileReference; lastKnownFileType = sourcecode.c.h; path = ANViewControllerProtocol.h; sourceTree = "<group>"; };
		CACA6BD315D7978F00AE5D40 /* QuartzCore.framework */ = {isa = PBXFileReference; lastKnownFileType = wrapper.framework; name = QuartzCore.framework; path = System/Library/Frameworks/QuartzCore.framework; sourceTree = SDKROOT; };
		CACA6BD915D8152E00AE5D40 /* UILabel+SDExtensions.h */ = {isa = PBXFileReference; fileEncoding = 4; lastKnownFileType = sourcecode.c.h; path = "UILabel+SDExtensions.h"; sourceTree = "<group>"; };
		CACA6BDA15D8152E00AE5D40 /* UILabel+SDExtensions.m */ = {isa = PBXFileReference; fileEncoding = 4; lastKnownFileType = sourcecode.c.objc; path = "UILabel+SDExtensions.m"; sourceTree = "<group>"; };
		CACA6BDD15D8244A00AE5D40 /* CoreImage.framework */ = {isa = PBXFileReference; lastKnownFileType = wrapper.framework; name = CoreImage.framework; path = System/Library/Frameworks/CoreImage.framework; sourceTree = SDKROOT; };
		CACA6BDF15D841EE00AE5D40 /* UIAlertView+SDExtensions.h */ = {isa = PBXFileReference; fileEncoding = 4; lastKnownFileType = sourcecode.c.h; path = "UIAlertView+SDExtensions.h"; sourceTree = "<group>"; };
		CACA6BE015D841EE00AE5D40 /* UIAlertView+SDExtensions.m */ = {isa = PBXFileReference; fileEncoding = 4; lastKnownFileType = sourcecode.c.objc; path = "UIAlertView+SDExtensions.m"; sourceTree = "<group>"; };
		CAD8D8AA15D6E59F007FC765 /* ANAPI.plist */ = {isa = PBXFileReference; fileEncoding = 4; lastKnownFileType = text.plist.xml; path = ANAPI.plist; sourceTree = "<group>"; };
		CAD8D8C815D6E9F2007FC765 /* SystemConfiguration.framework */ = {isa = PBXFileReference; lastKnownFileType = wrapper.framework; name = SystemConfiguration.framework; path = System/Library/Frameworks/SystemConfiguration.framework; sourceTree = SDKROOT; };
		CAD8D8CA15D6EA05007FC765 /* Security.framework */ = {isa = PBXFileReference; lastKnownFileType = wrapper.framework; name = Security.framework; path = System/Library/Frameworks/Security.framework; sourceTree = SDKROOT; };
		CAD8D8E315D706E7007FC765 /* NSArray+SDExtensions.h */ = {isa = PBXFileReference; fileEncoding = 4; lastKnownFileType = sourcecode.c.h; path = "NSArray+SDExtensions.h"; sourceTree = "<group>"; };
		CAD8D8E415D706E7007FC765 /* NSArray+SDExtensions.m */ = {isa = PBXFileReference; fileEncoding = 4; lastKnownFileType = sourcecode.c.objc; path = "NSArray+SDExtensions.m"; sourceTree = "<group>"; };
		CAD8D8E515D706E7007FC765 /* NSDate+SDExtensions.h */ = {isa = PBXFileReference; fileEncoding = 4; lastKnownFileType = sourcecode.c.h; path = "NSDate+SDExtensions.h"; sourceTree = "<group>"; };
		CAD8D8E615D706E7007FC765 /* NSDate+SDExtensions.m */ = {isa = PBXFileReference; fileEncoding = 4; lastKnownFileType = sourcecode.c.objc; path = "NSDate+SDExtensions.m"; sourceTree = "<group>"; };
		CAD8D8E715D706E7007FC765 /* NSDictionary+SDExtensions.h */ = {isa = PBXFileReference; fileEncoding = 4; lastKnownFileType = sourcecode.c.h; path = "NSDictionary+SDExtensions.h"; sourceTree = "<group>"; };
		CAD8D8E815D706E7007FC765 /* NSDictionary+SDExtensions.m */ = {isa = PBXFileReference; fileEncoding = 4; lastKnownFileType = sourcecode.c.objc; path = "NSDictionary+SDExtensions.m"; sourceTree = "<group>"; };
		CAD8D8E915D706E7007FC765 /* NSString+SDExtensions.h */ = {isa = PBXFileReference; fileEncoding = 4; lastKnownFileType = sourcecode.c.h; path = "NSString+SDExtensions.h"; sourceTree = "<group>"; };
		CAD8D8EA15D706E7007FC765 /* NSString+SDExtensions.m */ = {isa = PBXFileReference; fileEncoding = 4; lastKnownFileType = sourcecode.c.objc; path = "NSString+SDExtensions.m"; sourceTree = "<group>"; };
		CAD8D8EB15D706E7007FC765 /* NSUserDefaults+SDExtensions.h */ = {isa = PBXFileReference; fileEncoding = 4; lastKnownFileType = sourcecode.c.h; path = "NSUserDefaults+SDExtensions.h"; sourceTree = "<group>"; };
		CAD8D8EC15D706E7007FC765 /* NSUserDefaults+SDExtensions.m */ = {isa = PBXFileReference; fileEncoding = 4; lastKnownFileType = sourcecode.c.objc; path = "NSUserDefaults+SDExtensions.m"; sourceTree = "<group>"; };
		CAD8D8ED15D706E7007FC765 /* SDTimer.h */ = {isa = PBXFileReference; fileEncoding = 4; lastKnownFileType = sourcecode.c.h; path = SDTimer.h; sourceTree = "<group>"; };
		CAD8D8EE15D706E7007FC765 /* SDTimer.m */ = {isa = PBXFileReference; fileEncoding = 4; lastKnownFileType = sourcecode.c.objc; path = SDTimer.m; sourceTree = "<group>"; };
		CAD8D8F015D706E7007FC765 /* SDLog.h */ = {isa = PBXFileReference; fileEncoding = 4; lastKnownFileType = sourcecode.c.h; path = SDLog.h; sourceTree = "<group>"; };
		CAD8D8F215D706E7007FC765 /* SDKeychain.h */ = {isa = PBXFileReference; fileEncoding = 4; lastKnownFileType = sourcecode.c.h; path = SDKeychain.h; sourceTree = "<group>"; };
		CAD8D8F315D706E7007FC765 /* SDKeychain.m */ = {isa = PBXFileReference; fileEncoding = 4; lastKnownFileType = sourcecode.c.objc; path = SDKeychain.m; sourceTree = "<group>"; };
		CAD8D8F515D706E7007FC765 /* NSObject+SDExtensions.h */ = {isa = PBXFileReference; fileEncoding = 4; lastKnownFileType = sourcecode.c.h; path = "NSObject+SDExtensions.h"; sourceTree = "<group>"; };
		CAD8D8F615D706E7007FC765 /* NSObject+SDExtensions.m */ = {isa = PBXFileReference; fileEncoding = 4; lastKnownFileType = sourcecode.c.objc; path = "NSObject+SDExtensions.m"; sourceTree = "<group>"; };
		CAD8D8F715D706E7007FC765 /* SDImageView.h */ = {isa = PBXFileReference; fileEncoding = 4; lastKnownFileType = sourcecode.c.h; path = SDImageView.h; sourceTree = "<group>"; };
		CAD8D8F815D706E7007FC765 /* SDImageView.m */ = {isa = PBXFileReference; fileEncoding = 4; lastKnownFileType = sourcecode.c.objc; path = SDImageView.m; sourceTree = "<group>"; };
		CAD8D8FA15D706E7007FC765 /* NSCachedURLResponse+LeakFix.h */ = {isa = PBXFileReference; fileEncoding = 4; lastKnownFileType = sourcecode.c.h; path = "NSCachedURLResponse+LeakFix.h"; sourceTree = "<group>"; };
		CAD8D8FB15D706E7007FC765 /* NSCachedURLResponse+LeakFix.m */ = {isa = PBXFileReference; fileEncoding = 4; lastKnownFileType = sourcecode.c.objc; path = "NSCachedURLResponse+LeakFix.m"; sourceTree = "<group>"; };
		CAD8D8FC15D706E7007FC765 /* NSURLCache+SDExtensions.h */ = {isa = PBXFileReference; fileEncoding = 4; lastKnownFileType = sourcecode.c.h; path = "NSURLCache+SDExtensions.h"; sourceTree = "<group>"; };
		CAD8D8FD15D706E7007FC765 /* NSURLCache+SDExtensions.m */ = {isa = PBXFileReference; fileEncoding = 4; lastKnownFileType = sourcecode.c.objc; path = "NSURLCache+SDExtensions.m"; sourceTree = "<group>"; };
		CAD8D8FE15D706E7007FC765 /* Reachability.h */ = {isa = PBXFileReference; fileEncoding = 4; lastKnownFileType = sourcecode.c.h; path = Reachability.h; sourceTree = "<group>"; };
		CAD8D8FF15D706E7007FC765 /* Reachability.m */ = {isa = PBXFileReference; fileEncoding = 4; lastKnownFileType = sourcecode.c.objc; path = Reachability.m; sourceTree = "<group>"; };
		CAD8D90015D706E7007FC765 /* SDURLConnection.h */ = {isa = PBXFileReference; fileEncoding = 4; lastKnownFileType = sourcecode.c.h; path = SDURLConnection.h; sourceTree = "<group>"; };
		CAD8D90115D706E7007FC765 /* SDURLConnection.m */ = {isa = PBXFileReference; fileEncoding = 4; lastKnownFileType = sourcecode.c.objc; path = SDURLConnection.m; sourceTree = "<group>"; };
		CAD8D90215D706E7007FC765 /* SDWebService.h */ = {isa = PBXFileReference; fileEncoding = 4; lastKnownFileType = sourcecode.c.h; path = SDWebService.h; sourceTree = "<group>"; };
		CAD8D90315D706E7007FC765 /* SDWebService.m */ = {isa = PBXFileReference; fileEncoding = 4; lastKnownFileType = sourcecode.c.objc; path = SDWebService.m; sourceTree = "<group>"; };
		CAD8D90515D706E7007FC765 /* STableViewController.h */ = {isa = PBXFileReference; fileEncoding = 4; lastKnownFileType = sourcecode.c.h; path = STableViewController.h; sourceTree = "<group>"; };
		CAD8D90615D706E7007FC765 /* STableViewController.m */ = {isa = PBXFileReference; fileEncoding = 4; lastKnownFileType = sourcecode.c.objc; path = STableViewController.m; sourceTree = "<group>"; };
		CAD8D95515D71063007FC765 /* ANBaseStreamController.h */ = {isa = PBXFileReference; fileEncoding = 4; lastKnownFileType = sourcecode.c.h; path = ANBaseStreamController.h; sourceTree = "<group>"; };
		CAD8D95615D71063007FC765 /* ANBaseStreamController.m */ = {isa = PBXFileReference; fileEncoding = 4; lastKnownFileType = sourcecode.c.objc; path = ANBaseStreamController.m; sourceTree = "<group>"; };
		CAD8D95A15D7144F007FC765 /* ANStreamFooterView.h */ = {isa = PBXFileReference; fileEncoding = 4; lastKnownFileType = sourcecode.c.h; path = ANStreamFooterView.h; sourceTree = "<group>"; };
		CAD8D95B15D7144F007FC765 /* ANStreamFooterView.m */ = {isa = PBXFileReference; fileEncoding = 4; lastKnownFileType = sourcecode.c.objc; path = ANStreamFooterView.m; sourceTree = "<group>"; };
		CAD8D95C15D7144F007FC765 /* ANStreamFooterView.xib */ = {isa = PBXFileReference; fileEncoding = 4; lastKnownFileType = file.xib; path = ANStreamFooterView.xib; sourceTree = "<group>"; };
		CAD8D95D15D7144F007FC765 /* ANStreamHeaderView.h */ = {isa = PBXFileReference; fileEncoding = 4; lastKnownFileType = sourcecode.c.h; path = ANStreamHeaderView.h; sourceTree = "<group>"; };
		CAD8D95E15D7144F007FC765 /* ANStreamHeaderView.m */ = {isa = PBXFileReference; fileEncoding = 4; lastKnownFileType = sourcecode.c.objc; path = ANStreamHeaderView.m; sourceTree = "<group>"; };
		CAD8D95F15D7144F007FC765 /* ANStreamHeaderView.xib */ = {isa = PBXFileReference; fileEncoding = 4; lastKnownFileType = file.xib; path = ANStreamHeaderView.xib; sourceTree = "<group>"; };
		CAD8D96415D71762007FC765 /* ANBaseStreamController.xib */ = {isa = PBXFileReference; fileEncoding = 4; lastKnownFileType = file.xib; path = ANBaseStreamController.xib; sourceTree = "<group>"; };
		CAD8D96715D71DB2007FC765 /* ANGlobalStreamController.h */ = {isa = PBXFileReference; fileEncoding = 4; lastKnownFileType = sourcecode.c.h; path = ANGlobalStreamController.h; sourceTree = "<group>"; };
		CAD8D96815D71DB2007FC765 /* ANGlobalStreamController.m */ = {isa = PBXFileReference; fileEncoding = 4; lastKnownFileType = sourcecode.c.objc; path = ANGlobalStreamController.m; sourceTree = "<group>"; };
		CAD8D98715D7579F007FC765 /* SVProgressHUD.bundle */ = {isa = PBXFileReference; lastKnownFileType = "wrapper.plug-in"; path = SVProgressHUD.bundle; sourceTree = "<group>"; };
		CAD8D98815D7579F007FC765 /* SVProgressHUD.h */ = {isa = PBXFileReference; fileEncoding = 4; lastKnownFileType = sourcecode.c.h; path = SVProgressHUD.h; sourceTree = "<group>"; };
		CAD8D98915D7579F007FC765 /* SVProgressHUD.m */ = {isa = PBXFileReference; fileEncoding = 4; lastKnownFileType = sourcecode.c.objc; path = SVProgressHUD.m; sourceTree = "<group>"; };
		CAD8D99615D7709C007FC765 /* back-arrow.png */ = {isa = PBXFileReference; lastKnownFileType = image.png; path = "back-arrow.png"; sourceTree = "<group>"; };
		CAD8D99715D7709C007FC765 /* back-arrow@2x.png */ = {isa = PBXFileReference; lastKnownFileType = image.png; path = "back-arrow@2x.png"; sourceTree = "<group>"; };
		CAD8D99815D7709C007FC765 /* menu-icon.png */ = {isa = PBXFileReference; lastKnownFileType = image.png; path = "menu-icon.png"; sourceTree = "<group>"; };
		CAD8D99915D7709C007FC765 /* menu-icon@2x.png */ = {isa = PBXFileReference; lastKnownFileType = image.png; path = "menu-icon@2x.png"; sourceTree = "<group>"; };
		CAD8D99A15D7709C007FC765 /* MFSideMenu.h */ = {isa = PBXFileReference; fileEncoding = 4; lastKnownFileType = sourcecode.c.h; path = MFSideMenu.h; sourceTree = "<group>"; };
		CAD8D99B15D7709C007FC765 /* MFSideMenuManager.h */ = {isa = PBXFileReference; fileEncoding = 4; lastKnownFileType = sourcecode.c.h; path = MFSideMenuManager.h; sourceTree = "<group>"; };
		CAD8D99C15D7709C007FC765 /* MFSideMenuManager.m */ = {isa = PBXFileReference; fileEncoding = 4; lastKnownFileType = sourcecode.c.objc; path = MFSideMenuManager.m; sourceTree = "<group>"; };
		CAD8D99D15D7709C007FC765 /* UIViewController+MFSideMenu.h */ = {isa = PBXFileReference; fileEncoding = 4; lastKnownFileType = sourcecode.c.h; path = "UIViewController+MFSideMenu.h"; sourceTree = "<group>"; };
		CAD8D99E15D7709C007FC765 /* UIViewController+MFSideMenu.m */ = {isa = PBXFileReference; fileEncoding = 4; lastKnownFileType = sourcecode.c.objc; path = "UIViewController+MFSideMenu.m"; sourceTree = "<group>"; };
		CAD8D9A615D77113007FC765 /* ANSideMenuController.h */ = {isa = PBXFileReference; fileEncoding = 4; lastKnownFileType = sourcecode.c.h; path = ANSideMenuController.h; sourceTree = "<group>"; };
		CAD8D9A715D77113007FC765 /* ANSideMenuController.m */ = {isa = PBXFileReference; fileEncoding = 4; lastKnownFileType = sourcecode.c.objc; path = ANSideMenuController.m; sourceTree = "<group>"; };
/* End PBXFileReference section */

/* Begin PBXFrameworksBuildPhase section */
		00B4740715D38E3C00F767CE /* Frameworks */ = {
			isa = PBXFrameworksBuildPhase;
			buildActionMask = 2147483647;
			files = (
				CACA6BDE15D8244A00AE5D40 /* CoreImage.framework in Frameworks */,
				CACA6BD415D7978F00AE5D40 /* QuartzCore.framework in Frameworks */,
				0053C6C615D76A56000F36FA /* libz.dylib in Frameworks */,
				CAD8D8CB15D6EA05007FC765 /* Security.framework in Frameworks */,
				CAD8D8C915D6E9F2007FC765 /* SystemConfiguration.framework in Frameworks */,
				00B4740F15D38E3C00F767CE /* UIKit.framework in Frameworks */,
				00B4741115D38E3C00F767CE /* Foundation.framework in Frameworks */,
				00B4741315D38E3C00F767CE /* CoreGraphics.framework in Frameworks */,
				0053C6C115D76A36000F36FA /* libTestFlight.a in Frameworks */,
			);
			runOnlyForDeploymentPostprocessing = 0;
		};
/* End PBXFrameworksBuildPhase section */

/* Begin PBXGroup section */
		0053C6BC15D76A36000F36FA /* TestFlightSDK1.0 */ = {
			isa = PBXGroup;
			children = (
				0053C6BE15D76A36000F36FA /* README.txt */,
				0053C6BF15D76A36000F36FA /* release_notes.txt */,
				0053C6C015D76A36000F36FA /* TestFlight.h */,
			);
			path = TestFlightSDK1.0;
			sourceTree = "<group>";
		};
		00B473FF15D38E3C00F767CE = {
			isa = PBXGroup;
			children = (
				003B7CAE15D7815B002F9A95 /* icon-114.png */,
				003B7CAC15D78158002F9A95 /* icon-52.png */,
				003B7CAA15D78155002F9A95 /* Default.png */,
				003B7CA815D78153002F9A95 /* Default@2x.png */,
				CAD8D8DF15D706E7007FC765 /* Externals */,
				922F80C015D58F360049F194 /* API */,
				00B4741415D38E3C00F767CE /* AppApp */,
				00B4740D15D38E3C00F767CE /* Frameworks */,
				00B4740B15D38E3C00F767CE /* Products */,
			);
			sourceTree = "<group>";
		};
		00B4740B15D38E3C00F767CE /* Products */ = {
			isa = PBXGroup;
			children = (
				00B4740A15D38E3C00F767CE /* AppApp.app */,
			);
			name = Products;
			sourceTree = "<group>";
		};
		00B4740D15D38E3C00F767CE /* Frameworks */ = {
			isa = PBXGroup;
			children = (
				CACA6BDD15D8244A00AE5D40 /* CoreImage.framework */,
				0053C6BD15D76A36000F36FA /* libTestFlight.a */,
				0053C6C515D76A56000F36FA /* libz.dylib */,
				CACA6BD315D7978F00AE5D40 /* QuartzCore.framework */,
				CAD8D8C815D6E9F2007FC765 /* SystemConfiguration.framework */,
				CAD8D8CA15D6EA05007FC765 /* Security.framework */,
				00B4740E15D38E3C00F767CE /* UIKit.framework */,
				00B4741015D38E3C00F767CE /* Foundation.framework */,
				00B4741215D38E3C00F767CE /* CoreGraphics.framework */,
			);
			name = Frameworks;
			sourceTree = "<group>";
		};
		00B4741415D38E3C00F767CE /* AppApp */ = {
			isa = PBXGroup;
			children = (
				CACA6BCC15D7831D00AE5D40 /* User Information */,
				CAD8D9A515D770ED007FC765 /* Side Menu */,
				CAD8D96615D71D80007FC765 /* Stream Controllers */,
				9229761915D5BF300096B5D8 /* Generic Stream Controller */,
				922F80D015D5A0680049F194 /* Post Status */,
				922F80CA15D590220049F194 /* Authentication */,
				00B4741D15D38E3C00F767CE /* ANAppDelegate.h */,
				00B4741E15D38E3C00F767CE /* ANAppDelegate.m */,
				00B4741515D38E3C00F767CE /* Supporting Files */,
				CACA6BD215D788F400AE5D40 /* ANViewControllerProtocol.h */,
			);
			path = AppApp;
			sourceTree = "<group>";
		};
		00B4741515D38E3C00F767CE /* Supporting Files */ = {
			isa = PBXGroup;
			children = (
				00B4741615D38E3C00F767CE /* AppApp-Info.plist */,
				00B4741715D38E3C00F767CE /* InfoPlist.strings */,
				00B4741A15D38E3C00F767CE /* main.m */,
				00B4741C15D38E3C00F767CE /* AppApp-Prefix.pch */,
			);
			name = "Supporting Files";
			sourceTree = "<group>";
		};
		9229761915D5BF300096B5D8 /* Generic Stream Controller */ = {
			isa = PBXGroup;
			children = (
				9253EBD315D624F90047C153 /* ANStatusViewCell.h */,
				9253EBD415D624F90047C153 /* ANStatusViewCell.m */,
				CAD8D95A15D7144F007FC765 /* ANStreamFooterView.h */,
				CAD8D95B15D7144F007FC765 /* ANStreamFooterView.m */,
				CAD8D95C15D7144F007FC765 /* ANStreamFooterView.xib */,
				CAD8D95D15D7144F007FC765 /* ANStreamHeaderView.h */,
				CAD8D95E15D7144F007FC765 /* ANStreamHeaderView.m */,
				CAD8D95F15D7144F007FC765 /* ANStreamHeaderView.xib */,
				CAD8D95515D71063007FC765 /* ANBaseStreamController.h */,
				CAD8D95615D71063007FC765 /* ANBaseStreamController.m */,
				CAD8D96415D71762007FC765 /* ANBaseStreamController.xib */,
			);
			name = "Generic Stream Controller";
			sourceTree = "<group>";
		};
		922F80C015D58F360049F194 /* API */ = {
			isa = PBXGroup;
			children = (
				922F80C715D58F6C0049F194 /* ANAPICall.h */,
				922F80C815D58F6C0049F194 /* ANAPICall.m */,
				CAD8D8AA15D6E59F007FC765 /* ANAPI.plist */,
			);
			name = API;
			sourceTree = "<group>";
		};
		922F80CA15D590220049F194 /* Authentication */ = {
			isa = PBXGroup;
			children = (
				922F80CB15D590400049F194 /* AuthViewController.h */,
				922F80CC15D590400049F194 /* AuthViewController.m */,
				922F80CE15D595510049F194 /* AuthViewController.xib */,
			);
			name = Authentication;
			sourceTree = "<group>";
		};
		922F80D015D5A0680049F194 /* Post Status */ = {
			isa = PBXGroup;
			children = (
				922F80D115D5A0890049F194 /* ANPostStatusViewController.h */,
				922F80D215D5A0890049F194 /* ANPostStatusViewController.m */,
				922F80D315D5A0890049F194 /* ANPostStatusViewController.xib */,
			);
			name = "Post Status";
			sourceTree = "<group>";
		};
		CACA6BCC15D7831D00AE5D40 /* User Information */ = {
			isa = PBXGroup;
			children = (
				CACA6BCD15D7842F00AE5D40 /* ANUserViewController.h */,
				CACA6BCE15D7842F00AE5D40 /* ANUserViewController.m */,
				CACA6BCF15D7842F00AE5D40 /* ANUserViewController.xib */,
			);
			name = "User Information";
			sourceTree = "<group>";
		};
		CAD8D8DF15D706E7007FC765 /* Externals */ = {
			isa = PBXGroup;
			children = (
				CAD8D99515D7709C007FC765 /* MFSideMenu */,
				0053C6BC15D76A36000F36FA /* TestFlightSDK1.0 */,
				CAD8D98615D7579F007FC765 /* SVProgressHUD */,
				CAD8D8E015D706E7007FC765 /* SetDirection */,
				CAD8D90415D706E7007FC765 /* Shiki */,
			);
			path = Externals;
			sourceTree = "<group>";
		};
		CAD8D8E015D706E7007FC765 /* SetDirection */ = {
			isa = PBXGroup;
			children = (
				CAD8D8E115D706E7007FC765 /* ios-shared */,
			);
			path = SetDirection;
			sourceTree = "<group>";
		};
		CAD8D8E115D706E7007FC765 /* ios-shared */ = {
			isa = PBXGroup;
			children = (
				CAD8D8E215D706E7007FC765 /* Foundation */,
				CAD8D8EF15D706E7007FC765 /* Logging */,
				CAD8D8F115D706E7007FC765 /* Security */,
				CAD8D8F415D706E7007FC765 /* UI */,
				CAD8D8F915D706E7007FC765 /* WebServices */,
			);
			path = "ios-shared";
			sourceTree = "<group>";
		};
		CAD8D8E215D706E7007FC765 /* Foundation */ = {
			isa = PBXGroup;
			children = (
				CAD8D8E315D706E7007FC765 /* NSArray+SDExtensions.h */,
				CAD8D8E415D706E7007FC765 /* NSArray+SDExtensions.m */,
				CAD8D8E515D706E7007FC765 /* NSDate+SDExtensions.h */,
				CAD8D8E615D706E7007FC765 /* NSDate+SDExtensions.m */,
				CAD8D8E715D706E7007FC765 /* NSDictionary+SDExtensions.h */,
				CAD8D8E815D706E7007FC765 /* NSDictionary+SDExtensions.m */,
				CAD8D8E915D706E7007FC765 /* NSString+SDExtensions.h */,
				CAD8D8EA15D706E7007FC765 /* NSString+SDExtensions.m */,
				CAD8D8EB15D706E7007FC765 /* NSUserDefaults+SDExtensions.h */,
				CAD8D8EC15D706E7007FC765 /* NSUserDefaults+SDExtensions.m */,
				CAD8D8ED15D706E7007FC765 /* SDTimer.h */,
				CAD8D8EE15D706E7007FC765 /* SDTimer.m */,
			);
			path = Foundation;
			sourceTree = "<group>";
		};
		CAD8D8EF15D706E7007FC765 /* Logging */ = {
			isa = PBXGroup;
			children = (
				CAD8D8F015D706E7007FC765 /* SDLog.h */,
			);
			path = Logging;
			sourceTree = "<group>";
		};
		CAD8D8F115D706E7007FC765 /* Security */ = {
			isa = PBXGroup;
			children = (
				CAD8D8F215D706E7007FC765 /* SDKeychain.h */,
				CAD8D8F315D706E7007FC765 /* SDKeychain.m */,
			);
			path = Security;
			sourceTree = "<group>";
		};
		CAD8D8F415D706E7007FC765 /* UI */ = {
			isa = PBXGroup;
			children = (
				CACA6BDF15D841EE00AE5D40 /* UIAlertView+SDExtensions.h */,
				CACA6BE015D841EE00AE5D40 /* UIAlertView+SDExtensions.m */,
				CAD8D8F515D706E7007FC765 /* NSObject+SDExtensions.h */,
				CAD8D8F615D706E7007FC765 /* NSObject+SDExtensions.m */,
				CAD8D8F715D706E7007FC765 /* SDImageView.h */,
				CAD8D8F815D706E7007FC765 /* SDImageView.m */,
				CACA6BD915D8152E00AE5D40 /* UILabel+SDExtensions.h */,
				CACA6BDA15D8152E00AE5D40 /* UILabel+SDExtensions.m */,
			);
			path = UI;
			sourceTree = "<group>";
		};
		CAD8D8F915D706E7007FC765 /* WebServices */ = {
			isa = PBXGroup;
			children = (
				CAD8D8FA15D706E7007FC765 /* NSCachedURLResponse+LeakFix.h */,
				CAD8D8FB15D706E7007FC765 /* NSCachedURLResponse+LeakFix.m */,
				CAD8D8FC15D706E7007FC765 /* NSURLCache+SDExtensions.h */,
				CAD8D8FD15D706E7007FC765 /* NSURLCache+SDExtensions.m */,
				CAD8D8FE15D706E7007FC765 /* Reachability.h */,
				CAD8D8FF15D706E7007FC765 /* Reachability.m */,
				CAD8D90015D706E7007FC765 /* SDURLConnection.h */,
				CAD8D90115D706E7007FC765 /* SDURLConnection.m */,
				CAD8D90215D706E7007FC765 /* SDWebService.h */,
				CAD8D90315D706E7007FC765 /* SDWebService.m */,
			);
			path = WebServices;
			sourceTree = "<group>";
		};
		CAD8D90415D706E7007FC765 /* Shiki */ = {
			isa = PBXGroup;
			children = (
				CAD8D90515D706E7007FC765 /* STableViewController.h */,
				CAD8D90615D706E7007FC765 /* STableViewController.m */,
			);
			path = Shiki;
			sourceTree = "<group>";
		};
		CAD8D96615D71D80007FC765 /* Stream Controllers */ = {
			isa = PBXGroup;
			children = (
				CAD8D96715D71DB2007FC765 /* ANGlobalStreamController.h */,
				CAD8D96815D71DB2007FC765 /* ANGlobalStreamController.m */,
				00ECA12015D7409200178F8A /* ANUserStreamController.h */,
				00ECA11D15D7409200178F8A /* ANUserStreamController.m */,
				00ECA11F15D7409200178F8A /* ANUserPostsController.h */,
				00ECA11C15D7409200178F8A /* ANUserPostsController.m */,
				00ECA11E15D7409200178F8A /* ANUserMentionsController.h */,
				00ECA11B15D7409200178F8A /* ANUserMentionsController.m */,
			);
			name = "Stream Controllers";
			sourceTree = "<group>";
		};
		CAD8D98615D7579F007FC765 /* SVProgressHUD */ = {
			isa = PBXGroup;
			children = (
				CAD8D98715D7579F007FC765 /* SVProgressHUD.bundle */,
				CAD8D98815D7579F007FC765 /* SVProgressHUD.h */,
				CAD8D98915D7579F007FC765 /* SVProgressHUD.m */,
			);
			path = SVProgressHUD;
			sourceTree = "<group>";
		};
		CAD8D99515D7709C007FC765 /* MFSideMenu */ = {
			isa = PBXGroup;
			children = (
				CAD8D99615D7709C007FC765 /* back-arrow.png */,
				CAD8D99715D7709C007FC765 /* back-arrow@2x.png */,
				CAD8D99815D7709C007FC765 /* menu-icon.png */,
				CAD8D99915D7709C007FC765 /* menu-icon@2x.png */,
				CAD8D99A15D7709C007FC765 /* MFSideMenu.h */,
				CAD8D99B15D7709C007FC765 /* MFSideMenuManager.h */,
				CAD8D99C15D7709C007FC765 /* MFSideMenuManager.m */,
				CAD8D99D15D7709C007FC765 /* UIViewController+MFSideMenu.h */,
				CAD8D99E15D7709C007FC765 /* UIViewController+MFSideMenu.m */,
			);
			path = MFSideMenu;
			sourceTree = "<group>";
		};
		CAD8D9A515D770ED007FC765 /* Side Menu */ = {
			isa = PBXGroup;
			children = (
				CAD8D9A615D77113007FC765 /* ANSideMenuController.h */,
				CAD8D9A715D77113007FC765 /* ANSideMenuController.m */,
			);
			name = "Side Menu";
			sourceTree = "<group>";
		};
/* End PBXGroup section */

/* Begin PBXNativeTarget section */
		00B4740915D38E3C00F767CE /* AppApp */ = {
			isa = PBXNativeTarget;
			buildConfigurationList = 00B4742815D38E3C00F767CE /* Build configuration list for PBXNativeTarget "AppApp" */;
			buildPhases = (
				00B4740615D38E3C00F767CE /* Sources */,
				00B4740715D38E3C00F767CE /* Frameworks */,
				00B4740815D38E3C00F767CE /* Resources */,
			);
			buildRules = (
			);
			dependencies = (
			);
			name = AppApp;
			productName = AppApp;
			productReference = 00B4740A15D38E3C00F767CE /* AppApp.app */;
			productType = "com.apple.product-type.application";
		};
/* End PBXNativeTarget section */

/* Begin PBXProject section */
		00B4740115D38E3C00F767CE /* Project object */ = {
			isa = PBXProject;
			attributes = {
				CLASSPREFIX = snky;
				LastUpgradeCheck = 0440;
				ORGANIZATIONNAME = Sneakyness;
			};
			buildConfigurationList = 00B4740415D38E3C00F767CE /* Build configuration list for PBXProject "AppApp" */;
			compatibilityVersion = "Xcode 3.2";
			developmentRegion = English;
			hasScannedForEncodings = 0;
			knownRegions = (
				en,
			);
			mainGroup = 00B473FF15D38E3C00F767CE;
			productRefGroup = 00B4740B15D38E3C00F767CE /* Products */;
			projectDirPath = "";
			projectRoot = "";
			targets = (
				00B4740915D38E3C00F767CE /* AppApp */,
			);
		};
/* End PBXProject section */

/* Begin PBXResourcesBuildPhase section */
		00B4740815D38E3C00F767CE /* Resources */ = {
			isa = PBXResourcesBuildPhase;
			buildActionMask = 2147483647;
			files = (
				00B4741915D38E3C00F767CE /* InfoPlist.strings in Resources */,
				922F80CF15D595510049F194 /* AuthViewController.xib in Resources */,
				922F80D515D5A0890049F194 /* ANPostStatusViewController.xib in Resources */,
				CAD8D8AB15D6E59F007FC765 /* ANAPI.plist in Resources */,
				CAD8D96115D71450007FC765 /* ANStreamFooterView.xib in Resources */,
				CAD8D96315D71450007FC765 /* ANStreamHeaderView.xib in Resources */,
				CAD8D96515D71763007FC765 /* ANBaseStreamController.xib in Resources */,
				CAD8D98A15D7579F007FC765 /* SVProgressHUD.bundle in Resources */,
				CAD8D99F15D7709C007FC765 /* back-arrow.png in Resources */,
				CAD8D9A015D7709C007FC765 /* back-arrow@2x.png in Resources */,
				CAD8D9A115D7709C007FC765 /* menu-icon.png in Resources */,
				CAD8D9A215D7709C007FC765 /* menu-icon@2x.png in Resources */,
				0053C6C215D76A36000F36FA /* README.txt in Resources */,
				0053C6C315D76A36000F36FA /* release_notes.txt in Resources */,
				CACA6BD115D7842F00AE5D40 /* ANUserViewController.xib in Resources */,
				003B7CA915D78153002F9A95 /* Default@2x.png in Resources */,
				003B7CAB15D78155002F9A95 /* Default.png in Resources */,
				003B7CAD15D78158002F9A95 /* icon-52.png in Resources */,
				003B7CAF15D7815B002F9A95 /* icon-114.png in Resources */,
			);
			runOnlyForDeploymentPostprocessing = 0;
		};
/* End PBXResourcesBuildPhase section */

/* Begin PBXSourcesBuildPhase section */
		00B4740615D38E3C00F767CE /* Sources */ = {
			isa = PBXSourcesBuildPhase;
			buildActionMask = 2147483647;
			files = (
				00B4741B15D38E3C00F767CE /* main.m in Sources */,
				00B4741F15D38E3C00F767CE /* ANAppDelegate.m in Sources */,
				922F80C915D58F6C0049F194 /* ANAPICall.m in Sources */,
				922F80CD15D590400049F194 /* AuthViewController.m in Sources */,
				922F80D415D5A0890049F194 /* ANPostStatusViewController.m in Sources */,
				9253EBD515D624F90047C153 /* ANStatusViewCell.m in Sources */,
				CAD8D90715D706E7007FC765 /* NSArray+SDExtensions.m in Sources */,
				CAD8D90815D706E7007FC765 /* NSDate+SDExtensions.m in Sources */,
				CAD8D90915D706E7007FC765 /* NSDictionary+SDExtensions.m in Sources */,
				CAD8D90A15D706E7007FC765 /* NSString+SDExtensions.m in Sources */,
				CAD8D90B15D706E7007FC765 /* NSUserDefaults+SDExtensions.m in Sources */,
				CAD8D90C15D706E7007FC765 /* SDTimer.m in Sources */,
				CAD8D90D15D706E7007FC765 /* SDKeychain.m in Sources */,
				CAD8D90E15D706E7007FC765 /* NSObject+SDExtensions.m in Sources */,
				CAD8D90F15D706E7007FC765 /* SDImageView.m in Sources */,
				CAD8D91015D706E7007FC765 /* NSCachedURLResponse+LeakFix.m in Sources */,
				CAD8D91115D706E7007FC765 /* NSURLCache+SDExtensions.m in Sources */,
				CAD8D91215D706E7007FC765 /* Reachability.m in Sources */,
				CAD8D91315D706E7007FC765 /* SDURLConnection.m in Sources */,
				CAD8D91415D706E7007FC765 /* SDWebService.m in Sources */,
				CAD8D91515D706E7007FC765 /* STableViewController.m in Sources */,
				CAD8D95815D71063007FC765 /* ANBaseStreamController.m in Sources */,
				CAD8D96015D71450007FC765 /* ANStreamFooterView.m in Sources */,
				CAD8D96215D71450007FC765 /* ANStreamHeaderView.m in Sources */,
				CAD8D96915D71DB2007FC765 /* ANGlobalStreamController.m in Sources */,
				00ECA12215D7415500178F8A /* ANUserStreamController.m in Sources */,
				00ECA12315D7415500178F8A /* ANUserPostsController.m in Sources */,
				00ECA12415D7415500178F8A /* ANUserMentionsController.m in Sources */,
				CAD8D98B15D7579F007FC765 /* SVProgressHUD.m in Sources */,
				CAD8D9A315D7709C007FC765 /* MFSideMenuManager.m in Sources */,
				CAD8D9A415D7709C007FC765 /* UIViewController+MFSideMenu.m in Sources */,
				CAD8D9A815D77113007FC765 /* ANSideMenuController.m in Sources */,
				CACA6BD015D7842F00AE5D40 /* ANUserViewController.m in Sources */,
				CACA6BDB15D8152E00AE5D40 /* UILabel+SDExtensions.m in Sources */,
				CACA6BE115D841EE00AE5D40 /* UIAlertView+SDExtensions.m in Sources */,
			);
			runOnlyForDeploymentPostprocessing = 0;
		};
/* End PBXSourcesBuildPhase section */

/* Begin PBXVariantGroup section */
		00B4741715D38E3C00F767CE /* InfoPlist.strings */ = {
			isa = PBXVariantGroup;
			children = (
				00B4741815D38E3C00F767CE /* en */,
			);
			name = InfoPlist.strings;
			sourceTree = "<group>";
		};
/* End PBXVariantGroup section */

/* Begin XCBuildConfiguration section */
		00B4742615D38E3C00F767CE /* Debug */ = {
			isa = XCBuildConfiguration;
			buildSettings = {
				ALWAYS_SEARCH_USER_PATHS = NO;
				ARCHS = "$(ARCHS_STANDARD_32_BIT)";
				CLANG_CXX_LANGUAGE_STANDARD = "gnu++0x";
				CLANG_ENABLE_OBJC_ARC = YES;
				CLANG_WARN__DUPLICATE_METHOD_MATCH = YES;
				"CODE_SIGN_IDENTITY[sdk=iphoneos*]" = "iPhone Developer";
				COPY_PHASE_STRIP = NO;
				GCC_C_LANGUAGE_STANDARD = gnu99;
				GCC_DYNAMIC_NO_PIC = NO;
				GCC_OPTIMIZATION_LEVEL = 0;
				GCC_PREPROCESSOR_DEFINITIONS = (
					"DEBUG=1",
					"$(inherited)",
				);
				GCC_SYMBOLS_PRIVATE_EXTERN = NO;
				GCC_VERSION = com.apple.compilers.llvm.clang.1_0;
				GCC_WARN_ABOUT_RETURN_TYPE = YES;
				GCC_WARN_UNINITIALIZED_AUTOS = YES;
				GCC_WARN_UNUSED_VARIABLE = YES;
				IPHONEOS_DEPLOYMENT_TARGET = 5.0;
				SDKROOT = iphoneos;
			};
			name = Debug;
		};
		00B4742715D38E3C00F767CE /* Release */ = {
			isa = XCBuildConfiguration;
			buildSettings = {
				ALWAYS_SEARCH_USER_PATHS = NO;
				ARCHS = "$(ARCHS_STANDARD_32_BIT)";
				CLANG_CXX_LANGUAGE_STANDARD = "gnu++0x";
				CLANG_ENABLE_OBJC_ARC = YES;
				CLANG_WARN__DUPLICATE_METHOD_MATCH = YES;
				"CODE_SIGN_IDENTITY[sdk=iphoneos*]" = "iPhone Developer";
				COPY_PHASE_STRIP = YES;
				GCC_C_LANGUAGE_STANDARD = gnu99;
				GCC_VERSION = com.apple.compilers.llvm.clang.1_0;
				GCC_WARN_ABOUT_RETURN_TYPE = YES;
				GCC_WARN_UNINITIALIZED_AUTOS = YES;
				GCC_WARN_UNUSED_VARIABLE = YES;
				IPHONEOS_DEPLOYMENT_TARGET = 5.0;
				OTHER_CFLAGS = "-DNS_BLOCK_ASSERTIONS=1";
				SDKROOT = iphoneos;
				VALIDATE_PRODUCT = YES;
			};
			name = Release;
		};
		00B4742915D38E3C00F767CE /* Debug */ = {
			isa = XCBuildConfiguration;
			buildSettings = {
				"CODE_SIGN_IDENTITY[sdk=iphoneos*]" = "iPhone Developer";
				GCC_PRECOMPILE_PREFIX_HEADER = YES;
				GCC_PREFIX_HEADER = "AppApp/AppApp-Prefix.pch";
				INFOPLIST_FILE = "AppApp/AppApp-Info.plist";
				IPHONEOS_DEPLOYMENT_TARGET = 5.0;
				LIBRARY_SEARCH_PATHS = (
					"$(inherited)",
					"\"$(SRCROOT)/Externals/TestFlightSDK1.0\"",
				);
				PRODUCT_NAME = "$(TARGET_NAME)";
				"PROVISIONING_PROFILE[sdk=iphoneos*]" = "";
				WRAPPER_EXTENSION = app;
			};
			name = Debug;
		};
		00B4742A15D38E3C00F767CE /* Release */ = {
			isa = XCBuildConfiguration;
			buildSettings = {
				GCC_PRECOMPILE_PREFIX_HEADER = YES;
				GCC_PREFIX_HEADER = "AppApp/AppApp-Prefix.pch";
				INFOPLIST_FILE = "AppApp/AppApp-Info.plist";
				IPHONEOS_DEPLOYMENT_TARGET = 5.0;
				LIBRARY_SEARCH_PATHS = (
					"$(inherited)",
					"\"$(SRCROOT)/Externals/TestFlightSDK1.0\"",
				);
				PRODUCT_NAME = "$(TARGET_NAME)";
				WRAPPER_EXTENSION = app;
			};
			name = Release;
		};
/* End XCBuildConfiguration section */

/* Begin XCConfigurationList section */
		00B4740415D38E3C00F767CE /* Build configuration list for PBXProject "AppApp" */ = {
			isa = XCConfigurationList;
			buildConfigurations = (
				00B4742615D38E3C00F767CE /* Debug */,
				00B4742715D38E3C00F767CE /* Release */,
			);
			defaultConfigurationIsVisible = 0;
			defaultConfigurationName = Release;
		};
		00B4742815D38E3C00F767CE /* Build configuration list for PBXNativeTarget "AppApp" */ = {
			isa = XCConfigurationList;
			buildConfigurations = (
				00B4742915D38E3C00F767CE /* Debug */,
				00B4742A15D38E3C00F767CE /* Release */,
			);
			defaultConfigurationIsVisible = 0;
			defaultConfigurationName = Release;
		};
/* End XCConfigurationList section */
	};
	rootObject = 00B4740115D38E3C00F767CE /* Project object */;
}
